
Microsoft Visual Studio Solution File, Format Version 12.00
# Visual Studio Version 17
VisualStudioVersion = 17.0.31903.59
MinimumVisualStudioVersion = 10.0.40219.1
Project("{FAE04EC0-301F-11D3-BF4B-00C04F79EFBC}") = "Atleta.Infrastructure", "Atleta.Infrastructure\Atleta.Infrastructure.csproj", "{9E7B9FBA-DCFE-46D4-9B49-B47AAF34240A}"
EndProject
Project("{FAE04EC0-301F-11D3-BF4B-00C04F79EFBC}") = "Atleta.Core", "Atleta.Core\Atleta.Core.csproj", "{F778AD0D-087C-488E-9BC2-FE5F643F6A30}"
EndProject
Project("{FAE04EC0-301F-11D3-BF4B-00C04F79EFBC}") = "Atleta.Api", "Atleta.Api\Atleta.Api.csproj", "{07822047-3B5D-4DAC-904C-54DE01D47952}"
EndProject
Global
	GlobalSection(SolutionConfigurationPlatforms) = preSolution
		Debug|Any CPU = Debug|Any CPU
		Debug|x64 = Debug|x64
		Debug|x86 = Debug|x86
		Release|Any CPU = Release|Any CPU
		Release|x64 = Release|x64
		Release|x86 = Release|x86
	EndGlobalSection
	GlobalSection(ProjectConfigurationPlatforms) = postSolution
		{9E7B9FBA-DCFE-46D4-9B49-B47AAF34240A}.Debug|Any CPU.ActiveCfg = Debug|Any CPU
		{9E7B9FBA-DCFE-46D4-9B49-B47AAF34240A}.Debug|Any CPU.Build.0 = Debug|Any CPU
		{9E7B9FBA-DCFE-46D4-9B49-B47AAF34240A}.Debug|x64.ActiveCfg = Debug|Any CPU
		{9E7B9FBA-DCFE-46D4-9B49-B47AAF34240A}.Debug|x64.Build.0 = Debug|Any CPU
		{9E7B9FBA-DCFE-46D4-9B49-B47AAF34240A}.Debug|x86.ActiveCfg = Debug|Any CPU
		{9E7B9FBA-DCFE-46D4-9B49-B47AAF34240A}.Debug|x86.Build.0 = Debug|Any CPU
		{9E7B9FBA-DCFE-46D4-9B49-B47AAF34240A}.Release|Any CPU.ActiveCfg = Release|Any CPU
		{9E7B9FBA-DCFE-46D4-9B49-B47AAF34240A}.Release|Any CPU.Build.0 = Release|Any CPU
		{9E7B9FBA-DCFE-46D4-9B49-B47AAF34240A}.Release|x64.ActiveCfg = Release|Any CPU
		{9E7B9FBA-DCFE-46D4-9B49-B47AAF34240A}.Release|x64.Build.0 = Release|Any CPU
		{9E7B9FBA-DCFE-46D4-9B49-B47AAF34240A}.Release|x86.ActiveCfg = Release|Any CPU
		{9E7B9FBA-DCFE-46D4-9B49-B47AAF34240A}.Release|x86.Build.0 = Release|Any CPU
		{F778AD0D-087C-488E-9BC2-FE5F643F6A30}.Debug|Any CPU.ActiveCfg = Debug|Any CPU
		{F778AD0D-087C-488E-9BC2-FE5F643F6A30}.Debug|Any CPU.Build.0 = Debug|Any CPU
		{F778AD0D-087C-488E-9BC2-FE5F643F6A30}.Debug|x64.ActiveCfg = Debug|Any CPU
		{F778AD0D-087C-488E-9BC2-FE5F643F6A30}.Debug|x64.Build.0 = Debug|Any CPU
		{F778AD0D-087C-488E-9BC2-FE5F643F6A30}.Debug|x86.ActiveCfg = Debug|Any CPU
		{F778AD0D-087C-488E-9BC2-FE5F643F6A30}.Debug|x86.Build.0 = Debug|Any CPU
		{F778AD0D-087C-488E-9BC2-FE5F643F6A30}.Release|Any CPU.ActiveCfg = Release|Any CPU
		{F778AD0D-087C-488E-9BC2-FE5F643F6A30}.Release|Any CPU.Build.0 = Release|Any CPU
		{F778AD0D-087C-488E-9BC2-FE5F643F6A30}.Release|x64.ActiveCfg = Release|Any CPU
		{F778AD0D-087C-488E-9BC2-FE5F643F6A30}.Release|x64.Build.0 = Release|Any CPU
		{F778AD0D-087C-488E-9BC2-FE5F643F6A30}.Release|x86.ActiveCfg = Release|Any CPU
		{F778AD0D-087C-488E-9BC2-FE5F643F6A30}.Release|x86.Build.0 = Release|Any CPU
		{07822047-3B5D-4DAC-904C-54DE01D47952}.Debug|Any CPU.ActiveCfg = Debug|Any CPU
		{07822047-3B5D-4DAC-904C-54DE01D47952}.Debug|Any CPU.Build.0 = Debug|Any CPU
		{07822047-3B5D-4DAC-904C-54DE01D47952}.Debug|x64.ActiveCfg = Debug|Any CPU
		{07822047-3B5D-4DAC-904C-54DE01D47952}.Debug|x64.Build.0 = Debug|Any CPU
		{07822047-3B5D-4DAC-904C-54DE01D47952}.Debug|x86.ActiveCfg = Debug|Any CPU
		{07822047-3B5D-4DAC-904C-54DE01D47952}.Debug|x86.Build.0 = Debug|Any CPU
		{07822047-3B5D-4DAC-904C-54DE01D47952}.Release|Any CPU.ActiveCfg = Release|Any CPU
		{07822047-3B5D-4DAC-904C-54DE01D47952}.Release|Any CPU.Build.0 = Release|Any CPU
		{07822047-3B5D-4DAC-904C-54DE01D47952}.Release|x64.ActiveCfg = Release|Any CPU
		{07822047-3B5D-4DAC-904C-54DE01D47952}.Release|x64.Build.0 = Release|Any CPU
		{07822047-3B5D-4DAC-904C-54DE01D47952}.Release|x86.ActiveCfg = Release|Any CPU
		{07822047-3B5D-4DAC-904C-54DE01D47952}.Release|x86.Build.0 = Release|Any CPU
	EndGlobalSection
	GlobalSection(SolutionProperties) = preSolution
		HideSolutionNode = FALSE
	EndGlobalSection
EndGlobal
